// !$*UTF8*$!
{
	archiveVersion = 1;
	classes = {
	};
	objectVersion = 46;
	objects = {

/* Begin PBXBuildFile section */
		77BBFA7A1CDCDF9E00701EC2 /* main.m in Sources */ = {isa = PBXBuildFile; fileRef = 77BBFA791CDCDF9E00701EC2 /* main.m */; };
		77BBFA7D1CDCDF9E00701EC2 /* AppDelegate.m in Sources */ = {isa = PBXBuildFile; fileRef = 77BBFA7C1CDCDF9E00701EC2 /* AppDelegate.m */; };
		77BBFA801CDCDF9E00701EC2 /* ViewController.m in Sources */ = {isa = PBXBuildFile; fileRef = 77BBFA7F1CDCDF9E00701EC2 /* ViewController.m */; };
		77BBFA831CDCDF9E00701EC2 /* Main.storyboard in Resources */ = {isa = PBXBuildFile; fileRef = 77BBFA811CDCDF9E00701EC2 /* Main.storyboard */; };
		77BBFA851CDCDF9E00701EC2 /* Assets.xcassets in Resources */ = {isa = PBXBuildFile; fileRef = 77BBFA841CDCDF9E00701EC2 /* Assets.xcassets */; };
		77BBFA881CDCDF9E00701EC2 /* LaunchScreen.storyboard in Resources */ = {isa = PBXBuildFile; fileRef = 77BBFA861CDCDF9E00701EC2 /* LaunchScreen.storyboard */; };
		77BBFA971CDCE30700701EC2 /* SVGovernment.m in Sources */ = {isa = PBXBuildFile; fileRef = 77BBFA961CDCE30700701EC2 /* SVGovernment.m */; };
		77BBFA9B1CDDAE2200701EC2 /* SVdoctor.m in Sources */ = {isa = PBXBuildFile; fileRef = 77BBFA9A1CDDAE2200701EC2 /* SVdoctor.m */; };
		77BBFA9E1CDDD94100701EC2 /* SVPensionPerson.m in Sources */ = {isa = PBXBuildFile; fileRef = 77BBFA9D1CDDD94100701EC2 /* SVPensionPerson.m */; };
		77BBFAA11CDDD96B00701EC2 /* SVBusinesPerson.m in Sources */ = {isa = PBXBuildFile; fileRef = 77BBFAA01CDDD96B00701EC2 /* SVBusinesPerson.m */; };
/* End PBXBuildFile section */

/* Begin PBXFileReference section */
		77BBFA751CDCDF9E00701EC2 /* TestNotification.app */ = {isa = PBXFileReference; explicitFileType = wrapper.application; includeInIndex = 0; path = TestNotification.app; sourceTree = BUILT_PRODUCTS_DIR; };
		77BBFA791CDCDF9E00701EC2 /* main.m */ = {isa = PBXFileReference; lastKnownFileType = sourcecode.c.objc; path = main.m; sourceTree = "<group>"; };
		77BBFA7B1CDCDF9E00701EC2 /* AppDelegate.h */ = {isa = PBXFileReference; lastKnownFileType = sourcecode.c.h; path = AppDelegate.h; sourceTree = "<group>"; };
		77BBFA7C1CDCDF9E00701EC2 /* AppDelegate.m */ = {isa = PBXFileReference; lastKnownFileType = sourcecode.c.objc; path = AppDelegate.m; sourceTree = "<group>"; };
		77BBFA7E1CDCDF9E00701EC2 /* ViewController.h */ = {isa = PBXFileReference; lastKnownFileType = sourcecode.c.h; path = ViewController.h; sourceTree = "<group>"; };
		77BBFA7F1CDCDF9E00701EC2 /* ViewController.m */ = {isa = PBXFileReference; lastKnownFileType = sourcecode.c.objc; path = ViewController.m; sourceTree = "<group>"; };
		77BBFA821CDCDF9E00701EC2 /* Base */ = {isa = PBXFileReference; lastKnownFileType = file.storyboard; name = Base; path = Base.lproj/Main.storyboard; sourceTree = "<group>"; };
		77BBFA841CDCDF9E00701EC2 /* Assets.xcassets */ = {isa = PBXFileReference; lastKnownFileType = folder.assetcatalog; path = Assets.xcassets; sourceTree = "<group>"; };
		77BBFA871CDCDF9E00701EC2 /* Base */ = {isa = PBXFileReference; lastKnownFileType = file.storyboard; name = Base; path = Base.lproj/LaunchScreen.storyboard; sourceTree = "<group>"; };
		77BBFA891CDCDF9E00701EC2 /* Info.plist */ = {isa = PBXFileReference; lastKnownFileType = text.plist.xml; path = Info.plist; sourceTree = "<group>"; };
		77BBFA951CDCE30700701EC2 /* SVGovernment.h */ = {isa = PBXFileReference; fileEncoding = 4; lastKnownFileType = sourcecode.c.h; path = SVGovernment.h; sourceTree = "<group>"; };
		77BBFA961CDCE30700701EC2 /* SVGovernment.m */ = {isa = PBXFileReference; fileEncoding = 4; lastKnownFileType = sourcecode.c.objc; path = SVGovernment.m; sourceTree = "<group>"; };
		77BBFA991CDDAE2200701EC2 /* SVdoctor.h */ = {isa = PBXFileReference; fileEncoding = 4; lastKnownFileType = sourcecode.c.h; name = SVdoctor.h; path = people/SVdoctor.h; sourceTree = "<group>"; };
		77BBFA9A1CDDAE2200701EC2 /* SVdoctor.m */ = {isa = PBXFileReference; fileEncoding = 4; lastKnownFileType = sourcecode.c.objc; name = SVdoctor.m; path = people/SVdoctor.m; sourceTree = "<group>"; };
		77BBFA9C1CDDD94100701EC2 /* SVPensionPerson.h */ = {isa = PBXFileReference; fileEncoding = 4; lastKnownFileType = sourcecode.c.h; name = SVPensionPerson.h; path = people/SVPensionPerson.h; sourceTree = "<group>"; };
		77BBFA9D1CDDD94100701EC2 /* SVPensionPerson.m */ = {isa = PBXFileReference; fileEncoding = 4; lastKnownFileType = sourcecode.c.objc; name = SVPensionPerson.m; path = people/SVPensionPerson.m; sourceTree = "<group>"; };
		77BBFA9F1CDDD96B00701EC2 /* SVBusinesPerson.h */ = {isa = PBXFileReference; fileEncoding = 4; lastKnownFileType = sourcecode.c.h; name = SVBusinesPerson.h; path = people/SVBusinesPerson.h; sourceTree = "<group>"; };
		77BBFAA01CDDD96B00701EC2 /* SVBusinesPerson.m */ = {isa = PBXFileReference; fileEncoding = 4; lastKnownFileType = sourcecode.c.objc; name = SVBusinesPerson.m; path = people/SVBusinesPerson.m; sourceTree = "<group>"; };
/* End PBXFileReference section */

/* Begin PBXFrameworksBuildPhase section */
		77BBFA721CDCDF9E00701EC2 /* Frameworks */ = {
			isa = PBXFrameworksBuildPhase;
			buildActionMask = 2147483647;
			files = (
			);
			runOnlyForDeploymentPostprocessing = 0;
		};
/* End PBXFrameworksBuildPhase section */

/* Begin PBXGroup section */
		77BBFA6C1CDCDF9E00701EC2 = {
			isa = PBXGroup;
			children = (
				77BBFA771CDCDF9E00701EC2 /* TestNotification */,
				77BBFA761CDCDF9E00701EC2 /* Products */,
			);
			sourceTree = "<group>";
		};
		77BBFA761CDCDF9E00701EC2 /* Products */ = {
			isa = PBXGroup;
			children = (
				77BBFA751CDCDF9E00701EC2 /* TestNotification.app */,
			);
			name = Products;
			sourceTree = "<group>";
		};
		77BBFA771CDCDF9E00701EC2 /* TestNotification */ = {
			isa = PBXGroup;
			children = (
				77BBFA981CDDAE0200701EC2 /* people */,
				77BBFA951CDCE30700701EC2 /* SVGovernment.h */,
				77BBFA961CDCE30700701EC2 /* SVGovernment.m */,
				77BBFA7B1CDCDF9E00701EC2 /* AppDelegate.h */,
				77BBFA7C1CDCDF9E00701EC2 /* AppDelegate.m */,
				77BBFA7E1CDCDF9E00701EC2 /* ViewController.h */,
				77BBFA7F1CDCDF9E00701EC2 /* ViewController.m */,
				77BBFA811CDCDF9E00701EC2 /* Main.storyboard */,
				77BBFA841CDCDF9E00701EC2 /* Assets.xcassets */,
				77BBFA861CDCDF9E00701EC2 /* LaunchScreen.storyboard */,
				77BBFA891CDCDF9E00701EC2 /* Info.plist */,
				77BBFA781CDCDF9E00701EC2 /* Supporting Files */,
			);
			path = TestNotification;
			sourceTree = "<group>";
		};
		77BBFA781CDCDF9E00701EC2 /* Supporting Files */ = {
			isa = PBXGroup;
			children = (
				77BBFA791CDCDF9E00701EC2 /* main.m */,
			);
			name = "Supporting Files";
			sourceTree = "<group>";
		};
		77BBFA981CDDAE0200701EC2 /* people */ = {
			isa = PBXGroup;
			children = (
				77BBFA9C1CDDD94100701EC2 /* SVPensionPerson.h */,
				77BBFA9D1CDDD94100701EC2 /* SVPensionPerson.m */,
				77BBFA9F1CDDD96B00701EC2 /* SVBusinesPerson.h */,
				77BBFAA01CDDD96B00701EC2 /* SVBusinesPerson.m */,
				77BBFA991CDDAE2200701EC2 /* SVdoctor.h */,
				77BBFA9A1CDDAE2200701EC2 /* SVdoctor.m */,
			);
			name = people;
			sourceTree = "<group>";
		};
/* End PBXGroup section */

/* Begin PBXNativeTarget section */
		77BBFA741CDCDF9E00701EC2 /* TestNotification */ = {
			isa = PBXNativeTarget;
			buildConfigurationList = 77BBFA8C1CDCDF9E00701EC2 /* Build configuration list for PBXNativeTarget "TestNotification" */;
			buildPhases = (
				77BBFA711CDCDF9E00701EC2 /* Sources */,
				77BBFA721CDCDF9E00701EC2 /* Frameworks */,
				77BBFA731CDCDF9E00701EC2 /* Resources */,
			);
			buildRules = (
			);
			dependencies = (
			);
			name = TestNotification;
			productName = TestNotification;
			productReference = 77BBFA751CDCDF9E00701EC2 /* TestNotification.app */;
			productType = "com.apple.product-type.application";
		};
/* End PBXNativeTarget section */

/* Begin PBXProject section */
		77BBFA6D1CDCDF9E00701EC2 /* Project object */ = {
			isa = PBXProject;
			attributes = {
				LastUpgradeCheck = 0730;
				ORGANIZATIONNAME = "Siedov Viktor";
				TargetAttributes = {
					77BBFA741CDCDF9E00701EC2 = {
						CreatedOnToolsVersion = 7.3;
					};
				};
			};
			buildConfigurationList = 77BBFA701CDCDF9E00701EC2 /* Build configuration list for PBXProject "TestNotification" */;
			compatibilityVersion = "Xcode 3.2";
			developmentRegion = English;
			hasScannedForEncodings = 0;
			knownRegions = (
				en,
				Base,
			);
			mainGroup = 77BBFA6C1CDCDF9E00701EC2;
			productRefGroup = 77BBFA761CDCDF9E00701EC2 /* Products */;
			projectDirPath = "";
			projectRoot = "";
			targets = (
				77BBFA741CDCDF9E00701EC2 /* TestNotification */,
			);
		};
/* End PBXProject section */

/* Begin PBXResourcesBuildPhase section */
		77BBFA731CDCDF9E00701EC2 /* Resources */ = {
			isa = PBXResourcesBuildPhase;
			buildActionMask = 2147483647;
			files = (
				77BBFA881CDCDF9E00701EC2 /* LaunchScreen.storyboard in Resources */,
				77BBFA851CDCDF9E00701EC2 /* Assets.xcassets in Resources */,
				77BBFA831CDCDF9E00701EC2 /* Main.storyboard in Resources */,
			);
			runOnlyForDeploymentPostprocessing = 0;
		};
/* End PBXResourcesBuildPhase section */

/* Begin PBXSourcesBuildPhase section */
		77BBFA711CDCDF9E00701EC2 /* Sources */ = {
			isa = PBXSourcesBuildPhase;
			buildActionMask = 2147483647;
			files = (
				77BBFA9E1CDDD94100701EC2 /* SVPensionPerson.m in Sources */,
				77BBFA801CDCDF9E00701EC2 /* ViewController.m in Sources */,
				77BBFA7D1CDCDF9E00701EC2 /* AppDelegate.m in Sources */,
				77BBFAA11CDDD96B00701EC2 /* SVBusinesPerson.m in Sources */,
				77BBFA7A1CDCDF9E00701EC2 /* main.m in Sources */,
				77BBFA9B1CDDAE2200701EC2 /* SVdoctor.m in Sources */,
				77BBFA971CDCE30700701EC2 /* SVGovernment.m in Sources */,
			);
			runOnlyForDeploymentPostprocessing = 0;
		};
/* End PBXSourcesBuildPhase section */

/* Begin PBXVariantGroup section */
		77BBFA811CDCDF9E00701EC2 /* Main.storyboard */ = {
			isa = PBXVariantGroup;
			children = (
				77BBFA821CDCDF9E00701EC2 /* Base */,
			);
			name = Main.storyboard;
			sourceTree = "<group>";
		};
		77BBFA861CDCDF9E00701EC2 /* LaunchScreen.storyboard */ = {
			isa = PBXVariantGroup;
			children = (
				77BBFA871CDCDF9E00701EC2 /* Base */,
			);
			name = LaunchScreen.storyboard;
			sourceTree = "<group>";
		};
/* End PBXVariantGroup section */

/* Begin XCBuildConfiguration section */
		77BBFA8A1CDCDF9E00701EC2 /* Debug */ = {
			isa = XCBuildConfiguration;
			buildSettings = {
				ALWAYS_SEARCH_USER_PATHS = NO;
				CLANG_ANALYZER_NONNULL = YES;
				CLANG_CXX_LANGUAGE_STANDARD = "gnu++0x";
				CLANG_CXX_LIBRARY = "libc++";
				CLANG_ENABLE_MODULES = YES;
				CLANG_ENABLE_OBJC_ARC = YES;
				CLANG_WARN_BOOL_CONVERSION = YES;
				CLANG_WARN_CONSTANT_CONVERSION = YES;
				CLANG_WARN_DIRECT_OBJC_ISA_USAGE = YES_ERROR;
				CLANG_WARN_EMPTY_BODY = YES;
				CLANG_WARN_ENUM_CONVERSION = YES;
				CLANG_WARN_INT_CONVERSION = YES;
				CLANG_WARN_OBJC_ROOT_CLASS = YES_ERROR;
				CLANG_WARN_UNREACHABLE_CODE = YES;
				CLANG_WARN__DUPLICATE_METHOD_MATCH = YES;
				"CODE_SIGN_IDENTITY[sdk=iphoneos*]" = "iPhone Developer";
				COPY_PHASE_STRIP = NO;
				DEBUG_INFORMATION_FORMAT = dwarf;
				ENABLE_STRICT_OBJC_MSGSEND = YES;
				ENABLE_TESTABILITY = YES;
				GCC_C_LANGUAGE_STANDARD = gnu99;
				GCC_DYNAMIC_NO_PIC = NO;
				GCC_NO_COMMON_BLOCKS = YES;
				GCC_OPTIMIZATION_LEVEL = 0;
				GCC_PREPROCESSOR_DEFINITIONS = (
					"DEBUG=1",
					"$(inherited)",
				);
				GCC_WARN_64_TO_32_BIT_CONVERSION = YES;
				GCC_WARN_ABOUT_RETURN_TYPE = YES_ERROR;
				GCC_WARN_UNDECLARED_SELECTOR = YES;
				GCC_WARN_UNINITIALIZED_AUTOS = YES_AGGRESSIVE;
				GCC_WARN_UNUSED_FUNCTION = YES;
				GCC_WARN_UNUSED_VARIABLE = YES;
				IPHONEOS_DEPLOYMENT_TARGET = 9.3;
				MTL_ENABLE_DEBUG_INFO = YES;
				ONLY_ACTIVE_ARCH = YES;
				SDKROOT = iphoneos;
			};
			name = Debug;
		};
		77BBFA8B1CDCDF9E00701EC2 /* Release */ = {
			isa = XCBuildConfiguration;
			buildSettings = {
				ALWAYS_SEARCH_USER_PATHS = NO;
				CLANG_ANALYZER_NONNULL = YES;
				CLANG_CXX_LANGUAGE_STANDARD = "gnu++0x";
				CLANG_CXX_LIBRARY = "libc++";
				CLANG_ENABLE_MODULES = YES;
				CLANG_ENABLE_OBJC_ARC = YES;
				CLANG_WARN_BOOL_CONVERSION = YES;
				CLANG_WARN_CONSTANT_CONVERSION = YES;
				CLANG_WARN_DIRECT_OBJC_ISA_USAGE = YES_ERROR;
				CLANG_WARN_EMPTY_BODY = YES;
				CLANG_WARN_ENUM_CONVERSION = YES;
				CLANG_WARN_INT_CONVERSION = YES;
				CLANG_WARN_OBJC_ROOT_CLASS = YES_ERROR;
				CLANG_WARN_UNREACHABLE_CODE = YES;
				CLANG_WARN__DUPLICATE_METHOD_MATCH = YES;
				"CODE_SIGN_IDENTITY[sdk=iphoneos*]" = "iPhone Developer";
				COPY_PHASE_STRIP = NO;
				DEBUG_INFORMATION_FORMAT = "dwarf-with-dsym";
				ENABLE_NS_ASSERTIONS = NO;
				ENABLE_STRICT_OBJC_MSGSEND = YES;
				GCC_C_LANGUAGE_STANDARD = gnu99;
				GCC_NO_COMMON_BLOCKS = YES;
				GCC_WARN_64_TO_32_BIT_CONVERSION = YES;
				GCC_WARN_ABOUT_RETURN_TYPE = YES_ERROR;
				GCC_WARN_UNDECLARED_SELECTOR = YES;
				GCC_WARN_UNINITIALIZED_AUTOS = YES_AGGRESSIVE;
				GCC_WARN_UNUSED_FUNCTION = YES;
				GCC_WARN_UNUSED_VARIABLE = YES;
				IPHONEOS_DEPLOYMENT_TARGET = 9.3;
				MTL_ENABLE_DEBUG_INFO = NO;
				SDKROOT = iphoneos;
				VALIDATE_PRODUCT = YES;
			};
			name = Release;
		};
		77BBFA8D1CDCDF9E00701EC2 /* Debug */ = {
			isa = XCBuildConfiguration;
			buildSettings = {
				ASSETCATALOG_COMPILER_APPICON_NAME = AppIcon;
				INFOPLIST_FILE = TestNotification/Info.plist;
				LD_RUNPATH_SEARCH_PATHS = "$(inherited) @executable_path/Frameworks";
				PRODUCT_BUNDLE_IDENTIFIER = SV.TestNotification;
				PRODUCT_NAME = "$(TARGET_NAME)";
				TARGETED_DEVICE_FAMILY = 1;
			};
			name = Debug;
		};
		77BBFA8E1CDCDF9E00701EC2 /* Release */ = {
			isa = XCBuildConfiguration;
			buildSettings = {
				ASSETCATALOG_COMPILER_APPICON_NAME = AppIcon;
				INFOPLIST_FILE = TestNotification/Info.plist;
				LD_RUNPATH_SEARCH_PATHS = "$(inherited) @executable_path/Frameworks";
				PRODUCT_BUNDLE_IDENTIFIER = SV.TestNotification;
				PRODUCT_NAME = "$(TARGET_NAME)";
				TARGETED_DEVICE_FAMILY = 1;
			};
			name = Release;
		};
/* End XCBuildConfiguration section */

/* Begin XCConfigurationList section */
		77BBFA701CDCDF9E00701EC2 /* Build configuration list for PBXProject "TestNotification" */ = {
			isa = XCConfigurationList;
			buildConfigurations = (
				77BBFA8A1CDCDF9E00701EC2 /* Debug */,
				77BBFA8B1CDCDF9E00701EC2 /* Release */,
			);
			defaultConfigurationIsVisible = 0;
			defaultConfigurationName = Release;
		};
		77BBFA8C1CDCDF9E00701EC2 /* Build configuration list for PBXNativeTarget "TestNotification" */ = {
			isa = XCConfigurationList;
			buildConfigurations = (
				77BBFA8D1CDCDF9E00701EC2 /* Debug */,
				77BBFA8E1CDCDF9E00701EC2 /* Release */,
			);
			defaultConfigurationIsVisible = 0;
		};
/* End XCConfigurationList section */
	};
	rootObject = 77BBFA6D1CDCDF9E00701EC2 /* Project object */;
}
