// !$*UTF8*$!
{
	archiveVersion = 1;
	classes = {
	};
	objectVersion = 48;
	objects = {

/* Begin PBXBuildFile section */
		7790528F1F8255B60062BD73 /* AppDelegate.m in Sources */ = {isa = PBXBuildFile; fileRef = 7790528E1F8255B60062BD73 /* AppDelegate.m */; };
		779052971F8255B60062BD73 /* Assets.xcassets in Resources */ = {isa = PBXBuildFile; fileRef = 779052961F8255B60062BD73 /* Assets.xcassets */; };
		7790529D1F8255B60062BD73 /* main.m in Sources */ = {isa = PBXBuildFile; fileRef = 7790529C1F8255B60062BD73 /* main.m */; };
		779052A61F8255EA0062BD73 /* SVMainViewController.m in Sources */ = {isa = PBXBuildFile; fileRef = 779052A41F8255EA0062BD73 /* SVMainViewController.m */; };
		779052A71F8255EA0062BD73 /* SVMainViewController.xib in Resources */ = {isa = PBXBuildFile; fileRef = 779052A51F8255EA0062BD73 /* SVMainViewController.xib */; };
		779052A91F8257D20062BD73 /* Default-568h@2x.png in Resources */ = {isa = PBXBuildFile; fileRef = 779052A81F8257D20062BD73 /* Default-568h@2x.png */; };
/* End PBXBuildFile section */

/* Begin PBXFileReference section */
		7790528A1F8255B60062BD73 /* SVTouch.app */ = {isa = PBXFileReference; explicitFileType = wrapper.application; includeInIndex = 0; path = SVTouch.app; sourceTree = BUILT_PRODUCTS_DIR; };
		7790528D1F8255B60062BD73 /* AppDelegate.h */ = {isa = PBXFileReference; lastKnownFileType = sourcecode.c.h; path = AppDelegate.h; sourceTree = "<group>"; };
		7790528E1F8255B60062BD73 /* AppDelegate.m */ = {isa = PBXFileReference; lastKnownFileType = sourcecode.c.objc; path = AppDelegate.m; sourceTree = "<group>"; };
		779052961F8255B60062BD73 /* Assets.xcassets */ = {isa = PBXFileReference; lastKnownFileType = folder.assetcatalog; path = Assets.xcassets; sourceTree = "<group>"; };
		7790529B1F8255B60062BD73 /* Info.plist */ = {isa = PBXFileReference; lastKnownFileType = text.plist.xml; path = Info.plist; sourceTree = "<group>"; };
		7790529C1F8255B60062BD73 /* main.m */ = {isa = PBXFileReference; lastKnownFileType = sourcecode.c.objc; path = main.m; sourceTree = "<group>"; };
		779052A31F8255EA0062BD73 /* SVMainViewController.h */ = {isa = PBXFileReference; lastKnownFileType = sourcecode.c.h; path = SVMainViewController.h; sourceTree = "<group>"; };
		779052A41F8255EA0062BD73 /* SVMainViewController.m */ = {isa = PBXFileReference; lastKnownFileType = sourcecode.c.objc; path = SVMainViewController.m; sourceTree = "<group>"; };
		779052A51F8255EA0062BD73 /* SVMainViewController.xib */ = {isa = PBXFileReference; lastKnownFileType = file.xib; path = SVMainViewController.xib; sourceTree = "<group>"; };
		779052A81F8257D20062BD73 /* Default-568h@2x.png */ = {isa = PBXFileReference; lastKnownFileType = image.png; path = "Default-568h@2x.png"; sourceTree = "<group>"; };
/* End PBXFileReference section */

/* Begin PBXFrameworksBuildPhase section */
		779052871F8255B60062BD73 /* Frameworks */ = {
			isa = PBXFrameworksBuildPhase;
			buildActionMask = 2147483647;
			files = (
			);
			runOnlyForDeploymentPostprocessing = 0;
		};
/* End PBXFrameworksBuildPhase section */

/* Begin PBXGroup section */
		779052811F8255B60062BD73 = {
			isa = PBXGroup;
			children = (
				779052A81F8257D20062BD73 /* Default-568h@2x.png */,
				7790528C1F8255B60062BD73 /* SVTouch */,
				7790528B1F8255B60062BD73 /* Products */,
			);
			sourceTree = "<group>";
		};
		7790528B1F8255B60062BD73 /* Products */ = {
			isa = PBXGroup;
			children = (
				7790528A1F8255B60062BD73 /* SVTouch.app */,
			);
			name = Products;
			sourceTree = "<group>";
		};
		7790528C1F8255B60062BD73 /* SVTouch */ = {
			isa = PBXGroup;
			children = (
				7790528D1F8255B60062BD73 /* AppDelegate.h */,
				7790528E1F8255B60062BD73 /* AppDelegate.m */,
				779052A31F8255EA0062BD73 /* SVMainViewController.h */,
				779052A41F8255EA0062BD73 /* SVMainViewController.m */,
				779052A51F8255EA0062BD73 /* SVMainViewController.xib */,
				779052961F8255B60062BD73 /* Assets.xcassets */,
				7790529B1F8255B60062BD73 /* Info.plist */,
				7790529C1F8255B60062BD73 /* main.m */,
			);
			path = SVTouch;
			sourceTree = "<group>";
		};
/* End PBXGroup section */

/* Begin PBXNativeTarget section */
		779052891F8255B60062BD73 /* SVTouch */ = {
			isa = PBXNativeTarget;
			buildConfigurationList = 779052A01F8255B60062BD73 /* Build configuration list for PBXNativeTarget "SVTouch" */;
			buildPhases = (
				779052861F8255B60062BD73 /* Sources */,
				779052871F8255B60062BD73 /* Frameworks */,
				779052881F8255B60062BD73 /* Resources */,
			);
			buildRules = (
			);
			dependencies = (
			);
			name = SVTouch;
			productName = SVTouch;
			productReference = 7790528A1F8255B60062BD73 /* SVTouch.app */;
			productType = "com.apple.product-type.application";
		};
/* End PBXNativeTarget section */

/* Begin PBXProject section */
		779052821F8255B60062BD73 /* Project object */ = {
			isa = PBXProject;
			attributes = {
				LastUpgradeCheck = 0900;
				ORGANIZATIONNAME = "Siedov Viktor";
				TargetAttributes = {
					779052891F8255B60062BD73 = {
						CreatedOnToolsVersion = 9.0;
						ProvisioningStyle = Automatic;
					};
				};
			};
			buildConfigurationList = 779052851F8255B60062BD73 /* Build configuration list for PBXProject "SVTouch" */;
			compatibilityVersion = "Xcode 8.0";
			developmentRegion = en;
			hasScannedForEncodings = 0;
			knownRegions = (
				en,
				Base,
			);
			mainGroup = 779052811F8255B60062BD73;
			productRefGroup = 7790528B1F8255B60062BD73 /* Products */;
			projectDirPath = "";
			projectRoot = "";
			targets = (
				779052891F8255B60062BD73 /* SVTouch */,
			);
		};
/* End PBXProject section */

/* Begin PBXResourcesBuildPhase section */
		779052881F8255B60062BD73 /* Resources */ = {
			isa = PBXResourcesBuildPhase;
			buildActionMask = 2147483647;
			files = (
				779052A71F8255EA0062BD73 /* SVMainViewController.xib in Resources */,
				779052971F8255B60062BD73 /* Assets.xcassets in Resources */,
				779052A91F8257D20062BD73 /* Default-568h@2x.png in Resources */,
			);
			runOnlyForDeploymentPostprocessing = 0;
		};
/* End PBXResourcesBuildPhase section */

/* Begin PBXSourcesBuildPhase section */
		779052861F8255B60062BD73 /* Sources */ = {
			isa = PBXSourcesBuildPhase;
			buildActionMask = 2147483647;
			files = (
				7790529D1F8255B60062BD73 /* main.m in Sources */,
				7790528F1F8255B60062BD73 /* AppDelegate.m in Sources */,
				779052A61F8255EA0062BD73 /* SVMainViewController.m in Sources */,
			);
			runOnlyForDeploymentPostprocessing = 0;
		};
/* End PBXSourcesBuildPhase section */

/* Begin XCBuildConfiguration section */
		7790529E1F8255B60062BD73 /* Debug */ = {
			isa = XCBuildConfiguration;
			buildSettings = {
				ALWAYS_SEARCH_USER_PATHS = NO;
				CLANG_ANALYZER_NONNULL = YES;
				CLANG_ANALYZER_NUMBER_OBJECT_CONVERSION = YES_AGGRESSIVE;
				CLANG_CXX_LANGUAGE_STANDARD = "gnu++14";
				CLANG_CXX_LIBRARY = "libc++";
				CLANG_ENABLE_MODULES = YES;
				CLANG_ENABLE_OBJC_ARC = YES;
				CLANG_WARN_BLOCK_CAPTURE_AUTORELEASING = YES;
				CLANG_WARN_BOOL_CONVERSION = YES;
				CLANG_WARN_COMMA = YES;
				CLANG_WARN_CONSTANT_CONVERSION = YES;
				CLANG_WARN_DIRECT_OBJC_ISA_USAGE = YES_ERROR;
				CLANG_WARN_DOCUMENTATION_COMMENTS = YES;
				CLANG_WARN_EMPTY_BODY = YES;
				CLANG_WARN_ENUM_CONVERSION = YES;
				CLANG_WARN_INFINITE_RECURSION = YES;
				CLANG_WARN_INT_CONVERSION = YES;
				CLANG_WARN_NON_LITERAL_NULL_CONVERSION = YES;
				CLANG_WARN_OBJC_LITERAL_CONVERSION = YES;
				CLANG_WARN_OBJC_ROOT_CLASS = YES_ERROR;
				CLANG_WARN_RANGE_LOOP_ANALYSIS = YES;
				CLANG_WARN_STRICT_PROTOTYPES = YES;
				CLANG_WARN_SUSPICIOUS_MOVE = YES;
				CLANG_WARN_UNGUARDED_AVAILABILITY = YES_AGGRESSIVE;
				CLANG_WARN_UNREACHABLE_CODE = YES;
				CLANG_WARN__DUPLICATE_METHOD_MATCH = YES;
				CODE_SIGN_IDENTITY = "iPhone Developer";
				COPY_PHASE_STRIP = NO;
				DEBUG_INFORMATION_FORMAT = dwarf;
				ENABLE_STRICT_OBJC_MSGSEND = YES;
				ENABLE_TESTABILITY = YES;
				GCC_C_LANGUAGE_STANDARD = gnu11;
				GCC_DYNAMIC_NO_PIC = NO;
				GCC_NO_COMMON_BLOCKS = YES;
				GCC_OPTIMIZATION_LEVEL = 0;
				GCC_PREPROCESSOR_DEFINITIONS = (
					"DEBUG=1",
					"$(inherited)",
				);
				GCC_WARN_64_TO_32_BIT_CONVERSION = YES;
				GCC_WARN_ABOUT_RETURN_TYPE = YES_ERROR;
				GCC_WARN_UNDECLARED_SELECTOR = YES;
				GCC_WARN_UNINITIALIZED_AUTOS = YES_AGGRESSIVE;
				GCC_WARN_UNUSED_FUNCTION = YES;
				GCC_WARN_UNUSED_VARIABLE = YES;
				IPHONEOS_DEPLOYMENT_TARGET = 11.0;
				MTL_ENABLE_DEBUG_INFO = YES;
				ONLY_ACTIVE_ARCH = YES;
				SDKROOT = iphoneos;
			};
			name = Debug;
		};
		7790529F1F8255B60062BD73 /* Release */ = {
			isa = XCBuildConfiguration;
			buildSettings = {
				ALWAYS_SEARCH_USER_PATHS = NO;
				CLANG_ANALYZER_NONNULL = YES;
				CLANG_ANALYZER_NUMBER_OBJECT_CONVERSION = YES_AGGRESSIVE;
				CLANG_CXX_LANGUAGE_STANDARD = "gnu++14";
				CLANG_CXX_LIBRARY = "libc++";
				CLANG_ENABLE_MODULES = YES;
				CLANG_ENABLE_OBJC_ARC = YES;
				CLANG_WARN_BLOCK_CAPTURE_AUTORELEASING = YES;
				CLANG_WARN_BOOL_CONVERSION = YES;
				CLANG_WARN_COMMA = YES;
				CLANG_WARN_CONSTANT_CONVERSION = YES;
				CLANG_WARN_DIRECT_OBJC_ISA_USAGE = YES_ERROR;
				CLANG_WARN_DOCUMENTATION_COMMENTS = YES;
				CLANG_WARN_EMPTY_BODY = YES;
				CLANG_WARN_ENUM_CONVERSION = YES;
				CLANG_WARN_INFINITE_RECURSION = YES;
				CLANG_WARN_INT_CONVERSION = YES;
				CLANG_WARN_NON_LITERAL_NULL_CONVERSION = YES;
				CLANG_WARN_OBJC_LITERAL_CONVERSION = YES;
				CLANG_WARN_OBJC_ROOT_CLASS = YES_ERROR;
				CLANG_WARN_RANGE_LOOP_ANALYSIS = YES;
				CLANG_WARN_STRICT_PROTOTYPES = YES;
				CLANG_WARN_SUSPICIOUS_MOVE = YES;
				CLANG_WARN_UNGUARDED_AVAILABILITY = YES_AGGRESSIVE;
				CLANG_WARN_UNREACHABLE_CODE = YES;
				CLANG_WARN__DUPLICATE_METHOD_MATCH = YES;
				CODE_SIGN_IDENTITY = "iPhone Developer";
				COPY_PHASE_STRIP = NO;
				DEBUG_INFORMATION_FORMAT = "dwarf-with-dsym";
				ENABLE_NS_ASSERTIONS = NO;
				ENABLE_STRICT_OBJC_MSGSEND = YES;
				GCC_C_LANGUAGE_STANDARD = gnu11;
				GCC_NO_COMMON_BLOCKS = YES;
				GCC_WARN_64_TO_32_BIT_CONVERSION = YES;
				GCC_WARN_ABOUT_RETURN_TYPE = YES_ERROR;
				GCC_WARN_UNDECLARED_SELECTOR = YES;
				GCC_WARN_UNINITIALIZED_AUTOS = YES_AGGRESSIVE;
				GCC_WARN_UNUSED_FUNCTION = YES;
				GCC_WARN_UNUSED_VARIABLE = YES;
				IPHONEOS_DEPLOYMENT_TARGET = 11.0;
				MTL_ENABLE_DEBUG_INFO = NO;
				SDKROOT = iphoneos;
				VALIDATE_PRODUCT = YES;
			};
			name = Release;
		};
		779052A11F8255B60062BD73 /* Debug */ = {
			isa = XCBuildConfiguration;
			buildSettings = {
				ASSETCATALOG_COMPILER_APPICON_NAME = AppIcon;
				CODE_SIGN_STYLE = Automatic;
				DEVELOPMENT_TEAM = WZAQ2G6CH3;
				INFOPLIST_FILE = SVTouch/Info.plist;
				LD_RUNPATH_SEARCH_PATHS = "$(inherited) @executable_path/Frameworks";
				PRODUCT_BUNDLE_IDENTIFIER = SV.SVTouch;
				PRODUCT_NAME = "$(TARGET_NAME)";
				TARGETED_DEVICE_FAMILY = "1,2";
			};
			name = Debug;
		};
		779052A21F8255B60062BD73 /* Release */ = {
			isa = XCBuildConfiguration;
			buildSettings = {
				ASSETCATALOG_COMPILER_APPICON_NAME = AppIcon;
				CODE_SIGN_STYLE = Automatic;
				DEVELOPMENT_TEAM = WZAQ2G6CH3;
				INFOPLIST_FILE = SVTouch/Info.plist;
				LD_RUNPATH_SEARCH_PATHS = "$(inherited) @executable_path/Frameworks";
				PRODUCT_BUNDLE_IDENTIFIER = SV.SVTouch;
				PRODUCT_NAME = "$(TARGET_NAME)";
				TARGETED_DEVICE_FAMILY = "1,2";
			};
			name = Release;
		};
/* End XCBuildConfiguration section */

/* Begin XCConfigurationList section */
		779052851F8255B60062BD73 /* Build configuration list for PBXProject "SVTouch" */ = {
			isa = XCConfigurationList;
			buildConfigurations = (
				7790529E1F8255B60062BD73 /* Debug */,
				7790529F1F8255B60062BD73 /* Release */,
			);
			defaultConfigurationIsVisible = 0;
			defaultConfigurationName = Release;
		};
		779052A01F8255B60062BD73 /* Build configuration list for PBXNativeTarget "SVTouch" */ = {
			isa = XCConfigurationList;
			buildConfigurations = (
				779052A11F8255B60062BD73 /* Debug */,
				779052A21F8255B60062BD73 /* Release */,
			);
			defaultConfigurationIsVisible = 0;
			defaultConfigurationName = Release;
		};
/* End XCConfigurationList section */
	};
	rootObject = 779052821F8255B60062BD73 /* Project object */;
}
