// !$*UTF8*$!
{
	archiveVersion = 1;
	classes = {
	};
	objectVersion = 48;
	objects = {

/* Begin PBXBuildFile section */
		77FC98641F83822A00986DD9 /* AppDelegate.m in Sources */ = {isa = PBXBuildFile; fileRef = 77FC98631F83822A00986DD9 /* AppDelegate.m */; };
		77FC986C1F83822A00986DD9 /* Assets.xcassets in Resources */ = {isa = PBXBuildFile; fileRef = 77FC986B1F83822A00986DD9 /* Assets.xcassets */; };
		77FC98721F83822A00986DD9 /* main.m in Sources */ = {isa = PBXBuildFile; fileRef = 77FC98711F83822A00986DD9 /* main.m */; };
		77FC987B1F83824900986DD9 /* MainViewController.m in Sources */ = {isa = PBXBuildFile; fileRef = 77FC98791F83824900986DD9 /* MainViewController.m */; };
		77FC987C1F83824900986DD9 /* MainViewController.xib in Resources */ = {isa = PBXBuildFile; fileRef = 77FC987A1F83824900986DD9 /* MainViewController.xib */; };
		77FC987E1F83825900986DD9 /* Default-568h@2x.png in Resources */ = {isa = PBXBuildFile; fileRef = 77FC987D1F83825800986DD9 /* Default-568h@2x.png */; };
/* End PBXBuildFile section */

/* Begin PBXFileReference section */
		77FC985F1F83822A00986DD9 /* SVTestTouches.app */ = {isa = PBXFileReference; explicitFileType = wrapper.application; includeInIndex = 0; path = SVTestTouches.app; sourceTree = BUILT_PRODUCTS_DIR; };
		77FC98621F83822A00986DD9 /* AppDelegate.h */ = {isa = PBXFileReference; lastKnownFileType = sourcecode.c.h; path = AppDelegate.h; sourceTree = "<group>"; };
		77FC98631F83822A00986DD9 /* AppDelegate.m */ = {isa = PBXFileReference; lastKnownFileType = sourcecode.c.objc; path = AppDelegate.m; sourceTree = "<group>"; };
		77FC986B1F83822A00986DD9 /* Assets.xcassets */ = {isa = PBXFileReference; lastKnownFileType = folder.assetcatalog; path = Assets.xcassets; sourceTree = "<group>"; };
		77FC98701F83822A00986DD9 /* Info.plist */ = {isa = PBXFileReference; lastKnownFileType = text.plist.xml; path = Info.plist; sourceTree = "<group>"; };
		77FC98711F83822A00986DD9 /* main.m */ = {isa = PBXFileReference; lastKnownFileType = sourcecode.c.objc; path = main.m; sourceTree = "<group>"; };
		77FC98781F83824900986DD9 /* MainViewController.h */ = {isa = PBXFileReference; lastKnownFileType = sourcecode.c.h; path = MainViewController.h; sourceTree = "<group>"; };
		77FC98791F83824900986DD9 /* MainViewController.m */ = {isa = PBXFileReference; lastKnownFileType = sourcecode.c.objc; path = MainViewController.m; sourceTree = "<group>"; };
		77FC987A1F83824900986DD9 /* MainViewController.xib */ = {isa = PBXFileReference; lastKnownFileType = file.xib; path = MainViewController.xib; sourceTree = "<group>"; };
		77FC987D1F83825800986DD9 /* Default-568h@2x.png */ = {isa = PBXFileReference; lastKnownFileType = image.png; path = "Default-568h@2x.png"; sourceTree = "<group>"; };
/* End PBXFileReference section */

/* Begin PBXFrameworksBuildPhase section */
		77FC985C1F83822A00986DD9 /* Frameworks */ = {
			isa = PBXFrameworksBuildPhase;
			buildActionMask = 2147483647;
			files = (
			);
			runOnlyForDeploymentPostprocessing = 0;
		};
/* End PBXFrameworksBuildPhase section */

/* Begin PBXGroup section */
		77FC98561F83822A00986DD9 = {
			isa = PBXGroup;
			children = (
				77FC987D1F83825800986DD9 /* Default-568h@2x.png */,
				77FC98611F83822A00986DD9 /* SVTestTouches */,
				77FC98601F83822A00986DD9 /* Products */,
			);
			sourceTree = "<group>";
		};
		77FC98601F83822A00986DD9 /* Products */ = {
			isa = PBXGroup;
			children = (
				77FC985F1F83822A00986DD9 /* SVTestTouches.app */,
			);
			name = Products;
			sourceTree = "<group>";
		};
		77FC98611F83822A00986DD9 /* SVTestTouches */ = {
			isa = PBXGroup;
			children = (
				77FC98621F83822A00986DD9 /* AppDelegate.h */,
				77FC98631F83822A00986DD9 /* AppDelegate.m */,
				77FC98781F83824900986DD9 /* MainViewController.h */,
				77FC98791F83824900986DD9 /* MainViewController.m */,
				77FC987A1F83824900986DD9 /* MainViewController.xib */,
				77FC986B1F83822A00986DD9 /* Assets.xcassets */,
				77FC98701F83822A00986DD9 /* Info.plist */,
				77FC98711F83822A00986DD9 /* main.m */,
			);
			path = SVTestTouches;
			sourceTree = "<group>";
		};
/* End PBXGroup section */

/* Begin PBXNativeTarget section */
		77FC985E1F83822A00986DD9 /* SVTestTouches */ = {
			isa = PBXNativeTarget;
			buildConfigurationList = 77FC98751F83822A00986DD9 /* Build configuration list for PBXNativeTarget "SVTestTouches" */;
			buildPhases = (
				77FC985B1F83822A00986DD9 /* Sources */,
				77FC985C1F83822A00986DD9 /* Frameworks */,
				77FC985D1F83822A00986DD9 /* Resources */,
			);
			buildRules = (
			);
			dependencies = (
			);
			name = SVTestTouches;
			productName = SVTestTouches;
			productReference = 77FC985F1F83822A00986DD9 /* SVTestTouches.app */;
			productType = "com.apple.product-type.application";
		};
/* End PBXNativeTarget section */

/* Begin PBXProject section */
		77FC98571F83822A00986DD9 /* Project object */ = {
			isa = PBXProject;
			attributes = {
				LastUpgradeCheck = 0900;
				ORGANIZATIONNAME = "Siedov Viktor";
				TargetAttributes = {
					77FC985E1F83822A00986DD9 = {
						CreatedOnToolsVersion = 9.0;
						ProvisioningStyle = Automatic;
					};
				};
			};
			buildConfigurationList = 77FC985A1F83822A00986DD9 /* Build configuration list for PBXProject "SVTestTouches" */;
			compatibilityVersion = "Xcode 8.0";
			developmentRegion = en;
			hasScannedForEncodings = 0;
			knownRegions = (
				en,
				Base,
			);
			mainGroup = 77FC98561F83822A00986DD9;
			productRefGroup = 77FC98601F83822A00986DD9 /* Products */;
			projectDirPath = "";
			projectRoot = "";
			targets = (
				77FC985E1F83822A00986DD9 /* SVTestTouches */,
			);
		};
/* End PBXProject section */

/* Begin PBXResourcesBuildPhase section */
		77FC985D1F83822A00986DD9 /* Resources */ = {
			isa = PBXResourcesBuildPhase;
			buildActionMask = 2147483647;
			files = (
				77FC986C1F83822A00986DD9 /* Assets.xcassets in Resources */,
				77FC987C1F83824900986DD9 /* MainViewController.xib in Resources */,
				77FC987E1F83825900986DD9 /* Default-568h@2x.png in Resources */,
			);
			runOnlyForDeploymentPostprocessing = 0;
		};
/* End PBXResourcesBuildPhase section */

/* Begin PBXSourcesBuildPhase section */
		77FC985B1F83822A00986DD9 /* Sources */ = {
			isa = PBXSourcesBuildPhase;
			buildActionMask = 2147483647;
			files = (
				77FC98721F83822A00986DD9 /* main.m in Sources */,
				77FC987B1F83824900986DD9 /* MainViewController.m in Sources */,
				77FC98641F83822A00986DD9 /* AppDelegate.m in Sources */,
			);
			runOnlyForDeploymentPostprocessing = 0;
		};
/* End PBXSourcesBuildPhase section */

/* Begin XCBuildConfiguration section */
		77FC98731F83822A00986DD9 /* Debug */ = {
			isa = XCBuildConfiguration;
			buildSettings = {
				ALWAYS_SEARCH_USER_PATHS = NO;
				CLANG_ANALYZER_NONNULL = YES;
				CLANG_ANALYZER_NUMBER_OBJECT_CONVERSION = YES_AGGRESSIVE;
				CLANG_CXX_LANGUAGE_STANDARD = "gnu++14";
				CLANG_CXX_LIBRARY = "libc++";
				CLANG_ENABLE_MODULES = YES;
				CLANG_ENABLE_OBJC_ARC = YES;
				CLANG_WARN_BLOCK_CAPTURE_AUTORELEASING = YES;
				CLANG_WARN_BOOL_CONVERSION = YES;
				CLANG_WARN_COMMA = YES;
				CLANG_WARN_CONSTANT_CONVERSION = YES;
				CLANG_WARN_DIRECT_OBJC_ISA_USAGE = YES_ERROR;
				CLANG_WARN_DOCUMENTATION_COMMENTS = YES;
				CLANG_WARN_EMPTY_BODY = YES;
				CLANG_WARN_ENUM_CONVERSION = YES;
				CLANG_WARN_INFINITE_RECURSION = YES;
				CLANG_WARN_INT_CONVERSION = YES;
				CLANG_WARN_NON_LITERAL_NULL_CONVERSION = YES;
				CLANG_WARN_OBJC_LITERAL_CONVERSION = YES;
				CLANG_WARN_OBJC_ROOT_CLASS = YES_ERROR;
				CLANG_WARN_RANGE_LOOP_ANALYSIS = YES;
				CLANG_WARN_STRICT_PROTOTYPES = YES;
				CLANG_WARN_SUSPICIOUS_MOVE = YES;
				CLANG_WARN_UNGUARDED_AVAILABILITY = YES_AGGRESSIVE;
				CLANG_WARN_UNREACHABLE_CODE = YES;
				CLANG_WARN__DUPLICATE_METHOD_MATCH = YES;
				CODE_SIGN_IDENTITY = "iPhone Developer";
				COPY_PHASE_STRIP = NO;
				DEBUG_INFORMATION_FORMAT = dwarf;
				ENABLE_STRICT_OBJC_MSGSEND = YES;
				ENABLE_TESTABILITY = YES;
				GCC_C_LANGUAGE_STANDARD = gnu11;
				GCC_DYNAMIC_NO_PIC = NO;
				GCC_NO_COMMON_BLOCKS = YES;
				GCC_OPTIMIZATION_LEVEL = 0;
				GCC_PREPROCESSOR_DEFINITIONS = (
					"DEBUG=1",
					"$(inherited)",
				);
				GCC_WARN_64_TO_32_BIT_CONVERSION = YES;
				GCC_WARN_ABOUT_RETURN_TYPE = YES_ERROR;
				GCC_WARN_UNDECLARED_SELECTOR = YES;
				GCC_WARN_UNINITIALIZED_AUTOS = YES_AGGRESSIVE;
				GCC_WARN_UNUSED_FUNCTION = YES;
				GCC_WARN_UNUSED_VARIABLE = YES;
				IPHONEOS_DEPLOYMENT_TARGET = 11.0;
				MTL_ENABLE_DEBUG_INFO = YES;
				ONLY_ACTIVE_ARCH = YES;
				SDKROOT = iphoneos;
			};
			name = Debug;
		};
		77FC98741F83822A00986DD9 /* Release */ = {
			isa = XCBuildConfiguration;
			buildSettings = {
				ALWAYS_SEARCH_USER_PATHS = NO;
				CLANG_ANALYZER_NONNULL = YES;
				CLANG_ANALYZER_NUMBER_OBJECT_CONVERSION = YES_AGGRESSIVE;
				CLANG_CXX_LANGUAGE_STANDARD = "gnu++14";
				CLANG_CXX_LIBRARY = "libc++";
				CLANG_ENABLE_MODULES = YES;
				CLANG_ENABLE_OBJC_ARC = YES;
				CLANG_WARN_BLOCK_CAPTURE_AUTORELEASING = YES;
				CLANG_WARN_BOOL_CONVERSION = YES;
				CLANG_WARN_COMMA = YES;
				CLANG_WARN_CONSTANT_CONVERSION = YES;
				CLANG_WARN_DIRECT_OBJC_ISA_USAGE = YES_ERROR;
				CLANG_WARN_DOCUMENTATION_COMMENTS = YES;
				CLANG_WARN_EMPTY_BODY = YES;
				CLANG_WARN_ENUM_CONVERSION = YES;
				CLANG_WARN_INFINITE_RECURSION = YES;
				CLANG_WARN_INT_CONVERSION = YES;
				CLANG_WARN_NON_LITERAL_NULL_CONVERSION = YES;
				CLANG_WARN_OBJC_LITERAL_CONVERSION = YES;
				CLANG_WARN_OBJC_ROOT_CLASS = YES_ERROR;
				CLANG_WARN_RANGE_LOOP_ANALYSIS = YES;
				CLANG_WARN_STRICT_PROTOTYPES = YES;
				CLANG_WARN_SUSPICIOUS_MOVE = YES;
				CLANG_WARN_UNGUARDED_AVAILABILITY = YES_AGGRESSIVE;
				CLANG_WARN_UNREACHABLE_CODE = YES;
				CLANG_WARN__DUPLICATE_METHOD_MATCH = YES;
				CODE_SIGN_IDENTITY = "iPhone Developer";
				COPY_PHASE_STRIP = NO;
				DEBUG_INFORMATION_FORMAT = "dwarf-with-dsym";
				ENABLE_NS_ASSERTIONS = NO;
				ENABLE_STRICT_OBJC_MSGSEND = YES;
				GCC_C_LANGUAGE_STANDARD = gnu11;
				GCC_NO_COMMON_BLOCKS = YES;
				GCC_WARN_64_TO_32_BIT_CONVERSION = YES;
				GCC_WARN_ABOUT_RETURN_TYPE = YES_ERROR;
				GCC_WARN_UNDECLARED_SELECTOR = YES;
				GCC_WARN_UNINITIALIZED_AUTOS = YES_AGGRESSIVE;
				GCC_WARN_UNUSED_FUNCTION = YES;
				GCC_WARN_UNUSED_VARIABLE = YES;
				IPHONEOS_DEPLOYMENT_TARGET = 11.0;
				MTL_ENABLE_DEBUG_INFO = NO;
				SDKROOT = iphoneos;
				VALIDATE_PRODUCT = YES;
			};
			name = Release;
		};
		77FC98761F83822A00986DD9 /* Debug */ = {
			isa = XCBuildConfiguration;
			buildSettings = {
				ASSETCATALOG_COMPILER_APPICON_NAME = AppIcon;
				CODE_SIGN_STYLE = Automatic;
				DEVELOPMENT_TEAM = WZAQ2G6CH3;
				INFOPLIST_FILE = SVTestTouches/Info.plist;
				LD_RUNPATH_SEARCH_PATHS = "$(inherited) @executable_path/Frameworks";
				PRODUCT_BUNDLE_IDENTIFIER = SV.SVTestTouches;
				PRODUCT_NAME = "$(TARGET_NAME)";
				TARGETED_DEVICE_FAMILY = "1,2";
			};
			name = Debug;
		};
		77FC98771F83822A00986DD9 /* Release */ = {
			isa = XCBuildConfiguration;
			buildSettings = {
				ASSETCATALOG_COMPILER_APPICON_NAME = AppIcon;
				CODE_SIGN_STYLE = Automatic;
				DEVELOPMENT_TEAM = WZAQ2G6CH3;
				INFOPLIST_FILE = SVTestTouches/Info.plist;
				LD_RUNPATH_SEARCH_PATHS = "$(inherited) @executable_path/Frameworks";
				PRODUCT_BUNDLE_IDENTIFIER = SV.SVTestTouches;
				PRODUCT_NAME = "$(TARGET_NAME)";
				TARGETED_DEVICE_FAMILY = "1,2";
			};
			name = Release;
		};
/* End XCBuildConfiguration section */

/* Begin XCConfigurationList section */
		77FC985A1F83822A00986DD9 /* Build configuration list for PBXProject "SVTestTouches" */ = {
			isa = XCConfigurationList;
			buildConfigurations = (
				77FC98731F83822A00986DD9 /* Debug */,
				77FC98741F83822A00986DD9 /* Release */,
			);
			defaultConfigurationIsVisible = 0;
			defaultConfigurationName = Release;
		};
		77FC98751F83822A00986DD9 /* Build configuration list for PBXNativeTarget "SVTestTouches" */ = {
			isa = XCConfigurationList;
			buildConfigurations = (
				77FC98761F83822A00986DD9 /* Debug */,
				77FC98771F83822A00986DD9 /* Release */,
			);
			defaultConfigurationIsVisible = 0;
			defaultConfigurationName = Release;
		};
/* End XCConfigurationList section */
	};
	rootObject = 77FC98571F83822A00986DD9 /* Project object */;
}
