// !$*UTF8*$!
{
	archiveVersion = 1;
	classes = {
	};
	objectVersion = 46;
	objects = {

/* Begin PBXBuildFile section */
		7797829B1F36189E008D4298 /* main.m in Sources */ = {isa = PBXBuildFile; fileRef = 7797829A1F36189E008D4298 /* main.m */; };
		7797829E1F36189E008D4298 /* AppDelegate.m in Sources */ = {isa = PBXBuildFile; fileRef = 7797829D1F36189E008D4298 /* AppDelegate.m */; };
		779782A61F36189E008D4298 /* Assets.xcassets in Resources */ = {isa = PBXBuildFile; fileRef = 779782A51F36189E008D4298 /* Assets.xcassets */; };
		779782B11F3618F9008D4298 /* Default-568h@2x.png in Resources */ = {isa = PBXBuildFile; fileRef = 779782B01F3618F9008D4298 /* Default-568h@2x.png */; };
		779782B51F3619F6008D4298 /* SVViewController.m in Sources */ = {isa = PBXBuildFile; fileRef = 779782B31F3619F6008D4298 /* SVViewController.m */; };
		779782B61F3619F6008D4298 /* SVViewController.xib in Resources */ = {isa = PBXBuildFile; fileRef = 779782B41F3619F6008D4298 /* SVViewController.xib */; };
		779782B91F361B12008D4298 /* SVView.m in Sources */ = {isa = PBXBuildFile; fileRef = 779782B81F361B12008D4298 /* SVView.m */; };
		77F253081F71509F00BE15B9 /* SVPaint.m in Sources */ = {isa = PBXBuildFile; fileRef = 77F253071F71509F00BE15B9 /* SVPaint.m */; };
/* End PBXBuildFile section */

/* Begin PBXFileReference section */
		779782961F36189E008D4298 /* SVDrowings.app */ = {isa = PBXFileReference; explicitFileType = wrapper.application; includeInIndex = 0; path = SVDrowings.app; sourceTree = BUILT_PRODUCTS_DIR; };
		7797829A1F36189E008D4298 /* main.m */ = {isa = PBXFileReference; lastKnownFileType = sourcecode.c.objc; path = main.m; sourceTree = "<group>"; };
		7797829C1F36189E008D4298 /* AppDelegate.h */ = {isa = PBXFileReference; lastKnownFileType = sourcecode.c.h; path = AppDelegate.h; sourceTree = "<group>"; };
		7797829D1F36189E008D4298 /* AppDelegate.m */ = {isa = PBXFileReference; lastKnownFileType = sourcecode.c.objc; path = AppDelegate.m; sourceTree = "<group>"; };
		779782A51F36189E008D4298 /* Assets.xcassets */ = {isa = PBXFileReference; lastKnownFileType = folder.assetcatalog; path = Assets.xcassets; sourceTree = "<group>"; };
		779782AA1F36189E008D4298 /* Info.plist */ = {isa = PBXFileReference; lastKnownFileType = text.plist.xml; path = Info.plist; sourceTree = "<group>"; };
		779782B01F3618F9008D4298 /* Default-568h@2x.png */ = {isa = PBXFileReference; lastKnownFileType = image.png; path = "Default-568h@2x.png"; sourceTree = "<group>"; };
		779782B21F3619F6008D4298 /* SVViewController.h */ = {isa = PBXFileReference; fileEncoding = 4; lastKnownFileType = sourcecode.c.h; name = SVViewController.h; path = ViewController/SVViewController.h; sourceTree = "<group>"; };
		779782B31F3619F6008D4298 /* SVViewController.m */ = {isa = PBXFileReference; fileEncoding = 4; lastKnownFileType = sourcecode.c.objc; name = SVViewController.m; path = ViewController/SVViewController.m; sourceTree = "<group>"; };
		779782B41F3619F6008D4298 /* SVViewController.xib */ = {isa = PBXFileReference; fileEncoding = 4; lastKnownFileType = file.xib; name = SVViewController.xib; path = ViewController/SVViewController.xib; sourceTree = "<group>"; };
		779782B71F361B12008D4298 /* SVView.h */ = {isa = PBXFileReference; fileEncoding = 4; lastKnownFileType = sourcecode.c.h; name = SVView.h; path = Views/SVView.h; sourceTree = "<group>"; };
		779782B81F361B12008D4298 /* SVView.m */ = {isa = PBXFileReference; fileEncoding = 4; lastKnownFileType = sourcecode.c.objc; name = SVView.m; path = Views/SVView.m; sourceTree = "<group>"; };
		77F253061F71509F00BE15B9 /* SVPaint.h */ = {isa = PBXFileReference; fileEncoding = 4; lastKnownFileType = sourcecode.c.h; name = SVPaint.h; path = Views/SVPaint.h; sourceTree = "<group>"; };
		77F253071F71509F00BE15B9 /* SVPaint.m */ = {isa = PBXFileReference; fileEncoding = 4; lastKnownFileType = sourcecode.c.objc; name = SVPaint.m; path = Views/SVPaint.m; sourceTree = "<group>"; };
/* End PBXFileReference section */

/* Begin PBXFrameworksBuildPhase section */
		779782931F36189E008D4298 /* Frameworks */ = {
			isa = PBXFrameworksBuildPhase;
			buildActionMask = 2147483647;
			files = (
			);
			runOnlyForDeploymentPostprocessing = 0;
		};
/* End PBXFrameworksBuildPhase section */

/* Begin PBXGroup section */
		7797828D1F36189E008D4298 = {
			isa = PBXGroup;
			children = (
				779782B01F3618F9008D4298 /* Default-568h@2x.png */,
				779782981F36189E008D4298 /* SVDrowings */,
				779782971F36189E008D4298 /* Products */,
			);
			sourceTree = "<group>";
		};
		779782971F36189E008D4298 /* Products */ = {
			isa = PBXGroup;
			children = (
				779782961F36189E008D4298 /* SVDrowings.app */,
			);
			name = Products;
			sourceTree = "<group>";
		};
		779782981F36189E008D4298 /* SVDrowings */ = {
			isa = PBXGroup;
			children = (
				7797829C1F36189E008D4298 /* AppDelegate.h */,
				7797829D1F36189E008D4298 /* AppDelegate.m */,
				779782B21F3619F6008D4298 /* SVViewController.h */,
				779782B31F3619F6008D4298 /* SVViewController.m */,
				77F253061F71509F00BE15B9 /* SVPaint.h */,
				77F253071F71509F00BE15B9 /* SVPaint.m */,
				779782B71F361B12008D4298 /* SVView.h */,
				779782B81F361B12008D4298 /* SVView.m */,
				779782B41F3619F6008D4298 /* SVViewController.xib */,
				779782A51F36189E008D4298 /* Assets.xcassets */,
				779782AA1F36189E008D4298 /* Info.plist */,
				779782991F36189E008D4298 /* Supporting Files */,
			);
			path = SVDrowings;
			sourceTree = "<group>";
		};
		779782991F36189E008D4298 /* Supporting Files */ = {
			isa = PBXGroup;
			children = (
				7797829A1F36189E008D4298 /* main.m */,
			);
			name = "Supporting Files";
			sourceTree = "<group>";
		};
/* End PBXGroup section */

/* Begin PBXNativeTarget section */
		779782951F36189E008D4298 /* SVDrowings */ = {
			isa = PBXNativeTarget;
			buildConfigurationList = 779782AD1F36189E008D4298 /* Build configuration list for PBXNativeTarget "SVDrowings" */;
			buildPhases = (
				779782921F36189E008D4298 /* Sources */,
				779782931F36189E008D4298 /* Frameworks */,
				779782941F36189E008D4298 /* Resources */,
			);
			buildRules = (
			);
			dependencies = (
			);
			name = SVDrowings;
			productName = SVDrowings;
			productReference = 779782961F36189E008D4298 /* SVDrowings.app */;
			productType = "com.apple.product-type.application";
		};
/* End PBXNativeTarget section */

/* Begin PBXProject section */
		7797828E1F36189E008D4298 /* Project object */ = {
			isa = PBXProject;
			attributes = {
				LastUpgradeCheck = 0830;
				ORGANIZATIONNAME = "Siedov Viktor";
				TargetAttributes = {
					779782951F36189E008D4298 = {
						CreatedOnToolsVersion = 8.3.3;
						ProvisioningStyle = Automatic;
					};
				};
			};
			buildConfigurationList = 779782911F36189E008D4298 /* Build configuration list for PBXProject "SVDrowings" */;
			compatibilityVersion = "Xcode 3.2";
			developmentRegion = English;
			hasScannedForEncodings = 0;
			knownRegions = (
				en,
				Base,
			);
			mainGroup = 7797828D1F36189E008D4298;
			productRefGroup = 779782971F36189E008D4298 /* Products */;
			projectDirPath = "";
			projectRoot = "";
			targets = (
				779782951F36189E008D4298 /* SVDrowings */,
			);
		};
/* End PBXProject section */

/* Begin PBXResourcesBuildPhase section */
		779782941F36189E008D4298 /* Resources */ = {
			isa = PBXResourcesBuildPhase;
			buildActionMask = 2147483647;
			files = (
				779782B61F3619F6008D4298 /* SVViewController.xib in Resources */,
				779782A61F36189E008D4298 /* Assets.xcassets in Resources */,
				779782B11F3618F9008D4298 /* Default-568h@2x.png in Resources */,
			);
			runOnlyForDeploymentPostprocessing = 0;
		};
/* End PBXResourcesBuildPhase section */

/* Begin PBXSourcesBuildPhase section */
		779782921F36189E008D4298 /* Sources */ = {
			isa = PBXSourcesBuildPhase;
			buildActionMask = 2147483647;
			files = (
				77F253081F71509F00BE15B9 /* SVPaint.m in Sources */,
				779782B51F3619F6008D4298 /* SVViewController.m in Sources */,
				7797829E1F36189E008D4298 /* AppDelegate.m in Sources */,
				7797829B1F36189E008D4298 /* main.m in Sources */,
				779782B91F361B12008D4298 /* SVView.m in Sources */,
			);
			runOnlyForDeploymentPostprocessing = 0;
		};
/* End PBXSourcesBuildPhase section */

/* Begin XCBuildConfiguration section */
		779782AB1F36189E008D4298 /* Debug */ = {
			isa = XCBuildConfiguration;
			buildSettings = {
				ALWAYS_SEARCH_USER_PATHS = NO;
				CLANG_ANALYZER_NONNULL = YES;
				CLANG_ANALYZER_NUMBER_OBJECT_CONVERSION = YES_AGGRESSIVE;
				CLANG_CXX_LANGUAGE_STANDARD = "gnu++0x";
				CLANG_CXX_LIBRARY = "libc++";
				CLANG_ENABLE_MODULES = YES;
				CLANG_ENABLE_OBJC_ARC = YES;
				CLANG_WARN_BOOL_CONVERSION = YES;
				CLANG_WARN_CONSTANT_CONVERSION = YES;
				CLANG_WARN_DIRECT_OBJC_ISA_USAGE = YES_ERROR;
				CLANG_WARN_DOCUMENTATION_COMMENTS = YES;
				CLANG_WARN_EMPTY_BODY = YES;
				CLANG_WARN_ENUM_CONVERSION = YES;
				CLANG_WARN_INFINITE_RECURSION = YES;
				CLANG_WARN_INT_CONVERSION = YES;
				CLANG_WARN_OBJC_ROOT_CLASS = YES_ERROR;
				CLANG_WARN_SUSPICIOUS_MOVE = YES;
				CLANG_WARN_UNREACHABLE_CODE = YES;
				CLANG_WARN__DUPLICATE_METHOD_MATCH = YES;
				"CODE_SIGN_IDENTITY[sdk=iphoneos*]" = "iPhone Developer";
				COPY_PHASE_STRIP = NO;
				DEBUG_INFORMATION_FORMAT = dwarf;
				ENABLE_STRICT_OBJC_MSGSEND = YES;
				ENABLE_TESTABILITY = YES;
				GCC_C_LANGUAGE_STANDARD = gnu99;
				GCC_DYNAMIC_NO_PIC = NO;
				GCC_NO_COMMON_BLOCKS = YES;
				GCC_OPTIMIZATION_LEVEL = 0;
				GCC_PREPROCESSOR_DEFINITIONS = (
					"DEBUG=1",
					"$(inherited)",
				);
				GCC_WARN_64_TO_32_BIT_CONVERSION = YES;
				GCC_WARN_ABOUT_RETURN_TYPE = YES_ERROR;
				GCC_WARN_UNDECLARED_SELECTOR = YES;
				GCC_WARN_UNINITIALIZED_AUTOS = YES_AGGRESSIVE;
				GCC_WARN_UNUSED_FUNCTION = YES;
				GCC_WARN_UNUSED_VARIABLE = YES;
				IPHONEOS_DEPLOYMENT_TARGET = 10.3;
				MTL_ENABLE_DEBUG_INFO = YES;
				ONLY_ACTIVE_ARCH = YES;
				SDKROOT = iphoneos;
			};
			name = Debug;
		};
		779782AC1F36189E008D4298 /* Release */ = {
			isa = XCBuildConfiguration;
			buildSettings = {
				ALWAYS_SEARCH_USER_PATHS = NO;
				CLANG_ANALYZER_NONNULL = YES;
				CLANG_ANALYZER_NUMBER_OBJECT_CONVERSION = YES_AGGRESSIVE;
				CLANG_CXX_LANGUAGE_STANDARD = "gnu++0x";
				CLANG_CXX_LIBRARY = "libc++";
				CLANG_ENABLE_MODULES = YES;
				CLANG_ENABLE_OBJC_ARC = YES;
				CLANG_WARN_BOOL_CONVERSION = YES;
				CLANG_WARN_CONSTANT_CONVERSION = YES;
				CLANG_WARN_DIRECT_OBJC_ISA_USAGE = YES_ERROR;
				CLANG_WARN_DOCUMENTATION_COMMENTS = YES;
				CLANG_WARN_EMPTY_BODY = YES;
				CLANG_WARN_ENUM_CONVERSION = YES;
				CLANG_WARN_INFINITE_RECURSION = YES;
				CLANG_WARN_INT_CONVERSION = YES;
				CLANG_WARN_OBJC_ROOT_CLASS = YES_ERROR;
				CLANG_WARN_SUSPICIOUS_MOVE = YES;
				CLANG_WARN_UNREACHABLE_CODE = YES;
				CLANG_WARN__DUPLICATE_METHOD_MATCH = YES;
				"CODE_SIGN_IDENTITY[sdk=iphoneos*]" = "iPhone Developer";
				COPY_PHASE_STRIP = NO;
				DEBUG_INFORMATION_FORMAT = "dwarf-with-dsym";
				ENABLE_NS_ASSERTIONS = NO;
				ENABLE_STRICT_OBJC_MSGSEND = YES;
				GCC_C_LANGUAGE_STANDARD = gnu99;
				GCC_NO_COMMON_BLOCKS = YES;
				GCC_WARN_64_TO_32_BIT_CONVERSION = YES;
				GCC_WARN_ABOUT_RETURN_TYPE = YES_ERROR;
				GCC_WARN_UNDECLARED_SELECTOR = YES;
				GCC_WARN_UNINITIALIZED_AUTOS = YES_AGGRESSIVE;
				GCC_WARN_UNUSED_FUNCTION = YES;
				GCC_WARN_UNUSED_VARIABLE = YES;
				IPHONEOS_DEPLOYMENT_TARGET = 10.3;
				MTL_ENABLE_DEBUG_INFO = NO;
				SDKROOT = iphoneos;
				VALIDATE_PRODUCT = YES;
			};
			name = Release;
		};
		779782AE1F36189E008D4298 /* Debug */ = {
			isa = XCBuildConfiguration;
			buildSettings = {
				ASSETCATALOG_COMPILER_APPICON_NAME = AppIcon;
				DEVELOPMENT_TEAM = "";
				INFOPLIST_FILE = SVDrowings/Info.plist;
				LD_RUNPATH_SEARCH_PATHS = "$(inherited) @executable_path/Frameworks";
				PRODUCT_BUNDLE_IDENTIFIER = SV.SVDrowings;
				PRODUCT_NAME = "$(TARGET_NAME)";
			};
			name = Debug;
		};
		779782AF1F36189E008D4298 /* Release */ = {
			isa = XCBuildConfiguration;
			buildSettings = {
				ASSETCATALOG_COMPILER_APPICON_NAME = AppIcon;
				DEVELOPMENT_TEAM = "";
				INFOPLIST_FILE = SVDrowings/Info.plist;
				LD_RUNPATH_SEARCH_PATHS = "$(inherited) @executable_path/Frameworks";
				PRODUCT_BUNDLE_IDENTIFIER = SV.SVDrowings;
				PRODUCT_NAME = "$(TARGET_NAME)";
			};
			name = Release;
		};
/* End XCBuildConfiguration section */

/* Begin XCConfigurationList section */
		779782911F36189E008D4298 /* Build configuration list for PBXProject "SVDrowings" */ = {
			isa = XCConfigurationList;
			buildConfigurations = (
				779782AB1F36189E008D4298 /* Debug */,
				779782AC1F36189E008D4298 /* Release */,
			);
			defaultConfigurationIsVisible = 0;
			defaultConfigurationName = Release;
		};
		779782AD1F36189E008D4298 /* Build configuration list for PBXNativeTarget "SVDrowings" */ = {
			isa = XCConfigurationList;
			buildConfigurations = (
				779782AE1F36189E008D4298 /* Debug */,
				779782AF1F36189E008D4298 /* Release */,
			);
			defaultConfigurationIsVisible = 0;
			defaultConfigurationName = Release;
		};
/* End XCConfigurationList section */
	};
	rootObject = 7797828E1F36189E008D4298 /* Project object */;
}
